// !$*UTF8*$!
{
	archiveVersion = 1;
	classes = {
	};
	objectVersion = 51;
	objects = {

/* Begin PBXBuildFile section */
		9A235F732435FF6E00CC7A95 /* AppDelegate.swift in Sources */ = {isa = PBXBuildFile; fileRef = 9A235F722435FF6E00CC7A95 /* AppDelegate.swift */; };
		9A235F752435FF6E00CC7A95 /* SceneDelegate.swift in Sources */ = {isa = PBXBuildFile; fileRef = 9A235F742435FF6E00CC7A95 /* SceneDelegate.swift */; };
		9A235F772435FF6E00CC7A95 /* ViewController.swift in Sources */ = {isa = PBXBuildFile; fileRef = 9A235F762435FF6E00CC7A95 /* ViewController.swift */; };
		9A235F7A2435FF6E00CC7A95 /* Main.storyboard in Resources */ = {isa = PBXBuildFile; fileRef = 9A235F782435FF6E00CC7A95 /* Main.storyboard */; };
		9A235F7C2435FF7000CC7A95 /* Assets.xcassets in Resources */ = {isa = PBXBuildFile; fileRef = 9A235F7B2435FF7000CC7A95 /* Assets.xcassets */; };
		9A235F7F2435FF7000CC7A95 /* LaunchScreen.storyboard in Resources */ = {isa = PBXBuildFile; fileRef = 9A235F7D2435FF7000CC7A95 /* LaunchScreen.storyboard */; };
		9A235F8A2435FF7000CC7A95 /* SampleListTaskTests.swift in Sources */ = {isa = PBXBuildFile; fileRef = 9A235F892435FF7000CC7A95 /* SampleListTaskTests.swift */; };
		9A235F952435FF7100CC7A95 /* SampleListTaskUITests.swift in Sources */ = {isa = PBXBuildFile; fileRef = 9A235F942435FF7100CC7A95 /* SampleListTaskUITests.swift */; };
		9A235FA52436010C00CC7A95 /* ServiceManger.swift in Sources */ = {isa = PBXBuildFile; fileRef = 9A235FA42436010C00CC7A95 /* ServiceManger.swift */; };
		9A235FA8243601DF00CC7A95 /* Constatnts.swift in Sources */ = {isa = PBXBuildFile; fileRef = 9A235FA7243601DF00CC7A95 /* Constatnts.swift */; };
		9A47618F24373D9500600B52 /* CustomTableViewCell.swift in Sources */ = {isa = PBXBuildFile; fileRef = 9A47618E24373D9500600B52 /* CustomTableViewCell.swift */; };
		9A852B27244A20D7000AFEED /* ViewModel.swift in Sources */ = {isa = PBXBuildFile; fileRef = 9A852B26244A20D7000AFEED /* ViewModel.swift */; };
		A641F8C4CECE76ECD65ACDE2 /* Pods_SampleListTask_SampleListTaskUITests.framework in Frameworks */ = {isa = PBXBuildFile; fileRef = 1C97A4DC3AB5293AFE7D7B64 /* Pods_SampleListTask_SampleListTaskUITests.framework */; };
		BBB473C99B7613307E5FA91D /* Pods_SampleListTask.framework in Frameworks */ = {isa = PBXBuildFile; fileRef = 10F47FFF98D79D2E08BE4FC3 /* Pods_SampleListTask.framework */; };
		BF167322DBE3BEBF9A8ACED7 /* Pods_SampleListTaskTests.framework in Frameworks */ = {isa = PBXBuildFile; fileRef = 5B8404EE92063EA9A1C22B27 /* Pods_SampleListTaskTests.framework */; };
/* End PBXBuildFile section */

/* Begin PBXContainerItemProxy section */
		9A235F862435FF7000CC7A95 /* PBXContainerItemProxy */ = {
			isa = PBXContainerItemProxy;
			containerPortal = 9A235F672435FF6E00CC7A95 /* Project object */;
			proxyType = 1;
			remoteGlobalIDString = 9A235F6E2435FF6E00CC7A95;
			remoteInfo = SampleListTask;
		};
		9A235F912435FF7100CC7A95 /* PBXContainerItemProxy */ = {
			isa = PBXContainerItemProxy;
			containerPortal = 9A235F672435FF6E00CC7A95 /* Project object */;
			proxyType = 1;
			remoteGlobalIDString = 9A235F6E2435FF6E00CC7A95;
			remoteInfo = SampleListTask;
		};
/* End PBXContainerItemProxy section */

/* Begin PBXFileReference section */
		009041ACB77D318FD3267A0A /* Pods-SampleListTaskTests.debug.xcconfig */ = {isa = PBXFileReference; includeInIndex = 1; lastKnownFileType = text.xcconfig; name = "Pods-SampleListTaskTests.debug.xcconfig"; path = "Target Support Files/Pods-SampleListTaskTests/Pods-SampleListTaskTests.debug.xcconfig"; sourceTree = "<group>"; };
		10F47FFF98D79D2E08BE4FC3 /* Pods_SampleListTask.framework */ = {isa = PBXFileReference; explicitFileType = wrapper.framework; includeInIndex = 0; path = Pods_SampleListTask.framework; sourceTree = BUILT_PRODUCTS_DIR; };
		1C97A4DC3AB5293AFE7D7B64 /* Pods_SampleListTask_SampleListTaskUITests.framework */ = {isa = PBXFileReference; explicitFileType = wrapper.framework; includeInIndex = 0; path = Pods_SampleListTask_SampleListTaskUITests.framework; sourceTree = BUILT_PRODUCTS_DIR; };
		5B8404EE92063EA9A1C22B27 /* Pods_SampleListTaskTests.framework */ = {isa = PBXFileReference; explicitFileType = wrapper.framework; includeInIndex = 0; path = Pods_SampleListTaskTests.framework; sourceTree = BUILT_PRODUCTS_DIR; };
		5EA01DDBDE84264A324407A4 /* Pods-SampleListTaskTests.release.xcconfig */ = {isa = PBXFileReference; includeInIndex = 1; lastKnownFileType = text.xcconfig; name = "Pods-SampleListTaskTests.release.xcconfig"; path = "Target Support Files/Pods-SampleListTaskTests/Pods-SampleListTaskTests.release.xcconfig"; sourceTree = "<group>"; };
		5F85DFCDEC0AE3D4C211AAA3 /* Pods-SampleListTask-SampleListTaskUITests.debug.xcconfig */ = {isa = PBXFileReference; includeInIndex = 1; lastKnownFileType = text.xcconfig; name = "Pods-SampleListTask-SampleListTaskUITests.debug.xcconfig"; path = "Target Support Files/Pods-SampleListTask-SampleListTaskUITests/Pods-SampleListTask-SampleListTaskUITests.debug.xcconfig"; sourceTree = "<group>"; };
		9A235F6F2435FF6E00CC7A95 /* SampleListTask.app */ = {isa = PBXFileReference; explicitFileType = wrapper.application; includeInIndex = 0; path = SampleListTask.app; sourceTree = BUILT_PRODUCTS_DIR; };
		9A235F722435FF6E00CC7A95 /* AppDelegate.swift */ = {isa = PBXFileReference; lastKnownFileType = sourcecode.swift; path = AppDelegate.swift; sourceTree = "<group>"; };
		9A235F742435FF6E00CC7A95 /* SceneDelegate.swift */ = {isa = PBXFileReference; lastKnownFileType = sourcecode.swift; path = SceneDelegate.swift; sourceTree = "<group>"; };
		9A235F762435FF6E00CC7A95 /* ViewController.swift */ = {isa = PBXFileReference; lastKnownFileType = sourcecode.swift; path = ViewController.swift; sourceTree = "<group>"; };
		9A235F792435FF6E00CC7A95 /* Base */ = {isa = PBXFileReference; lastKnownFileType = file.storyboard; name = Base; path = Base.lproj/Main.storyboard; sourceTree = "<group>"; };
		9A235F7B2435FF7000CC7A95 /* Assets.xcassets */ = {isa = PBXFileReference; lastKnownFileType = folder.assetcatalog; path = Assets.xcassets; sourceTree = "<group>"; };
		9A235F7E2435FF7000CC7A95 /* Base */ = {isa = PBXFileReference; lastKnownFileType = file.storyboard; name = Base; path = Base.lproj/LaunchScreen.storyboard; sourceTree = "<group>"; };
		9A235F802435FF7000CC7A95 /* Info.plist */ = {isa = PBXFileReference; lastKnownFileType = text.plist.xml; path = Info.plist; sourceTree = "<group>"; };
		9A235F852435FF7000CC7A95 /* SampleListTaskTests.xctest */ = {isa = PBXFileReference; explicitFileType = wrapper.cfbundle; includeInIndex = 0; path = SampleListTaskTests.xctest; sourceTree = BUILT_PRODUCTS_DIR; };
		9A235F892435FF7000CC7A95 /* SampleListTaskTests.swift */ = {isa = PBXFileReference; lastKnownFileType = sourcecode.swift; path = SampleListTaskTests.swift; sourceTree = "<group>"; };
		9A235F8B2435FF7000CC7A95 /* Info.plist */ = {isa = PBXFileReference; lastKnownFileType = text.plist.xml; path = Info.plist; sourceTree = "<group>"; };
		9A235F902435FF7100CC7A95 /* SampleListTaskUITests.xctest */ = {isa = PBXFileReference; explicitFileType = wrapper.cfbundle; includeInIndex = 0; path = SampleListTaskUITests.xctest; sourceTree = BUILT_PRODUCTS_DIR; };
		9A235F942435FF7100CC7A95 /* SampleListTaskUITests.swift */ = {isa = PBXFileReference; lastKnownFileType = sourcecode.swift; path = SampleListTaskUITests.swift; sourceTree = "<group>"; };
		9A235F962435FF7100CC7A95 /* Info.plist */ = {isa = PBXFileReference; lastKnownFileType = text.plist.xml; path = Info.plist; sourceTree = "<group>"; };
		9A235FA42436010C00CC7A95 /* ServiceManger.swift */ = {isa = PBXFileReference; lastKnownFileType = sourcecode.swift; path = ServiceManger.swift; sourceTree = "<group>"; };
		9A235FA7243601DF00CC7A95 /* Constatnts.swift */ = {isa = PBXFileReference; lastKnownFileType = sourcecode.swift; path = Constatnts.swift; sourceTree = "<group>"; };
		9A47618E24373D9500600B52 /* CustomTableViewCell.swift */ = {isa = PBXFileReference; lastKnownFileType = sourcecode.swift; path = CustomTableViewCell.swift; sourceTree = "<group>"; };
		9A852B26244A20D7000AFEED /* ViewModel.swift */ = {isa = PBXFileReference; lastKnownFileType = sourcecode.swift; path = ViewModel.swift; sourceTree = "<group>"; };
		9C4CA9BB10AF189363B07227 /* Pods-SampleListTask-SampleListTaskUITests.release.xcconfig */ = {isa = PBXFileReference; includeInIndex = 1; lastKnownFileType = text.xcconfig; name = "Pods-SampleListTask-SampleListTaskUITests.release.xcconfig"; path = "Target Support Files/Pods-SampleListTask-SampleListTaskUITests/Pods-SampleListTask-SampleListTaskUITests.release.xcconfig"; sourceTree = "<group>"; };
		D845E7E0A65A0FC5E97ABCA5 /* Pods-SampleListTask.release.xcconfig */ = {isa = PBXFileReference; includeInIndex = 1; lastKnownFileType = text.xcconfig; name = "Pods-SampleListTask.release.xcconfig"; path = "Target Support Files/Pods-SampleListTask/Pods-SampleListTask.release.xcconfig"; sourceTree = "<group>"; };
		FBD4599A30B1BC3B5F3E54A3 /* Pods-SampleListTask.debug.xcconfig */ = {isa = PBXFileReference; includeInIndex = 1; lastKnownFileType = text.xcconfig; name = "Pods-SampleListTask.debug.xcconfig"; path = "Target Support Files/Pods-SampleListTask/Pods-SampleListTask.debug.xcconfig"; sourceTree = "<group>"; };
/* End PBXFileReference section */

/* Begin PBXFrameworksBuildPhase section */
		9A235F6C2435FF6E00CC7A95 /* Frameworks */ = {
			isa = PBXFrameworksBuildPhase;
			buildActionMask = 2147483647;
			files = (
				BBB473C99B7613307E5FA91D /* Pods_SampleListTask.framework in Frameworks */,
			);
			runOnlyForDeploymentPostprocessing = 0;
		};
		9A235F822435FF7000CC7A95 /* Frameworks */ = {
			isa = PBXFrameworksBuildPhase;
			buildActionMask = 2147483647;
			files = (
				BF167322DBE3BEBF9A8ACED7 /* Pods_SampleListTaskTests.framework in Frameworks */,
			);
			runOnlyForDeploymentPostprocessing = 0;
		};
		9A235F8D2435FF7100CC7A95 /* Frameworks */ = {
			isa = PBXFrameworksBuildPhase;
			buildActionMask = 2147483647;
			files = (
				A641F8C4CECE76ECD65ACDE2 /* Pods_SampleListTask_SampleListTaskUITests.framework in Frameworks */,
			);
			runOnlyForDeploymentPostprocessing = 0;
		};
/* End PBXFrameworksBuildPhase section */

/* Begin PBXGroup section */
		9A235F662435FF6E00CC7A95 = {
			isa = PBXGroup;
			children = (
				9A235F712435FF6E00CC7A95 /* SampleListTask */,
				9A235F882435FF7000CC7A95 /* SampleListTaskTests */,
				9A235F932435FF7100CC7A95 /* SampleListTaskUITests */,
				9A235F702435FF6E00CC7A95 /* Products */,
				F0F0B8531ADC09178B739A2F /* Pods */,
				CBC0CD7B568CE437131EBDC5 /* Frameworks */,
			);
			sourceTree = "<group>";
		};
		9A235F702435FF6E00CC7A95 /* Products */ = {
			isa = PBXGroup;
			children = (
				9A235F6F2435FF6E00CC7A95 /* SampleListTask.app */,
				9A235F852435FF7000CC7A95 /* SampleListTaskTests.xctest */,
				9A235F902435FF7100CC7A95 /* SampleListTaskUITests.xctest */,
			);
			name = Products;
			sourceTree = "<group>";
		};
		9A235F712435FF6E00CC7A95 /* SampleListTask */ = {
			isa = PBXGroup;
			children = (
				9A852B20244A1D4D000AFEED /* Viewcontrollers */,
				9A852B1F244A1D41000AFEED /* ViewModels */,
				9A47618D24373D7700600B52 /* Cells */,
				9A235FA6243601B100CC7A95 /* Constants */,
				9A235FA3243600C600CC7A95 /* ServiceManager */,
				9A235F722435FF6E00CC7A95 /* AppDelegate.swift */,
				9A235F742435FF6E00CC7A95 /* SceneDelegate.swift */,
				9A235F782435FF6E00CC7A95 /* Main.storyboard */,
				9A235F7B2435FF7000CC7A95 /* Assets.xcassets */,
				9A235F7D2435FF7000CC7A95 /* LaunchScreen.storyboard */,
				9A235F802435FF7000CC7A95 /* Info.plist */,
			);
			path = SampleListTask;
			sourceTree = "<group>";
		};
		9A235F882435FF7000CC7A95 /* SampleListTaskTests */ = {
			isa = PBXGroup;
			children = (
				9A235F892435FF7000CC7A95 /* SampleListTaskTests.swift */,
				9A235F8B2435FF7000CC7A95 /* Info.plist */,
			);
			path = SampleListTaskTests;
			sourceTree = "<group>";
		};
		9A235F932435FF7100CC7A95 /* SampleListTaskUITests */ = {
			isa = PBXGroup;
			children = (
				9A235F942435FF7100CC7A95 /* SampleListTaskUITests.swift */,
				9A235F962435FF7100CC7A95 /* Info.plist */,
			);
			path = SampleListTaskUITests;
			sourceTree = "<group>";
		};
		9A235FA3243600C600CC7A95 /* ServiceManager */ = {
			isa = PBXGroup;
			children = (
				9A235FA42436010C00CC7A95 /* ServiceManger.swift */,
			);
			path = ServiceManager;
			sourceTree = "<group>";
		};
		9A235FA6243601B100CC7A95 /* Constants */ = {
			isa = PBXGroup;
			children = (
				9A235FA7243601DF00CC7A95 /* Constatnts.swift */,
			);
			path = Constants;
			sourceTree = "<group>";
		};
		9A47618D24373D7700600B52 /* Cells */ = {
			isa = PBXGroup;
			children = (
				9A47618E24373D9500600B52 /* CustomTableViewCell.swift */,
			);
			path = Cells;
			sourceTree = "<group>";
		};
		9A852B1F244A1D41000AFEED /* ViewModels */ = {
			isa = PBXGroup;
			children = (
				9A852B26244A20D7000AFEED /* ViewModel.swift */,
			);
			path = ViewModels;
			sourceTree = "<group>";
		};
		9A852B20244A1D4D000AFEED /* Viewcontrollers */ = {
			isa = PBXGroup;
			children = (
				9A235F762435FF6E00CC7A95 /* ViewController.swift */,
			);
			path = Viewcontrollers;
			sourceTree = "<group>";
		};
		CBC0CD7B568CE437131EBDC5 /* Frameworks */ = {
			isa = PBXGroup;
			children = (
				10F47FFF98D79D2E08BE4FC3 /* Pods_SampleListTask.framework */,
				1C97A4DC3AB5293AFE7D7B64 /* Pods_SampleListTask_SampleListTaskUITests.framework */,
				5B8404EE92063EA9A1C22B27 /* Pods_SampleListTaskTests.framework */,
			);
			name = Frameworks;
			sourceTree = "<group>";
		};
		F0F0B8531ADC09178B739A2F /* Pods */ = {
			isa = PBXGroup;
			children = (
				FBD4599A30B1BC3B5F3E54A3 /* Pods-SampleListTask.debug.xcconfig */,
				D845E7E0A65A0FC5E97ABCA5 /* Pods-SampleListTask.release.xcconfig */,
				5F85DFCDEC0AE3D4C211AAA3 /* Pods-SampleListTask-SampleListTaskUITests.debug.xcconfig */,
				9C4CA9BB10AF189363B07227 /* Pods-SampleListTask-SampleListTaskUITests.release.xcconfig */,
				009041ACB77D318FD3267A0A /* Pods-SampleListTaskTests.debug.xcconfig */,
				5EA01DDBDE84264A324407A4 /* Pods-SampleListTaskTests.release.xcconfig */,
			);
			path = Pods;
			sourceTree = "<group>";
		};
/* End PBXGroup section */

/* Begin PBXNativeTarget section */
		9A235F6E2435FF6E00CC7A95 /* SampleListTask */ = {
			isa = PBXNativeTarget;
			buildConfigurationList = 9A235F992435FF7100CC7A95 /* Build configuration list for PBXNativeTarget "SampleListTask" */;
			buildPhases = (
				221F51DFE4D997EFF224F03A /* [CP] Check Pods Manifest.lock */,
				9A235F6B2435FF6E00CC7A95 /* Sources */,
				9A235F6C2435FF6E00CC7A95 /* Frameworks */,
				9A235F6D2435FF6E00CC7A95 /* Resources */,
				F4C3923830BB2E0826485F97 /* [CP] Embed Pods Frameworks */,
			);
			buildRules = (
			);
			dependencies = (
			);
			name = SampleListTask;
			productName = SampleListTask;
			productReference = 9A235F6F2435FF6E00CC7A95 /* SampleListTask.app */;
			productType = "com.apple.product-type.application";
		};
		9A235F842435FF7000CC7A95 /* SampleListTaskTests */ = {
			isa = PBXNativeTarget;
			buildConfigurationList = 9A235F9C2435FF7100CC7A95 /* Build configuration list for PBXNativeTarget "SampleListTaskTests" */;
			buildPhases = (
				C2490EDD299486C9B8B4D4D6 /* [CP] Check Pods Manifest.lock */,
				9A235F812435FF7000CC7A95 /* Sources */,
				9A235F822435FF7000CC7A95 /* Frameworks */,
				9A235F832435FF7000CC7A95 /* Resources */,
			);
			buildRules = (
			);
			dependencies = (
				9A235F872435FF7000CC7A95 /* PBXTargetDependency */,
			);
			name = SampleListTaskTests;
			productName = SampleListTaskTests;
			productReference = 9A235F852435FF7000CC7A95 /* SampleListTaskTests.xctest */;
			productType = "com.apple.product-type.bundle.unit-test";
		};
		9A235F8F2435FF7100CC7A95 /* SampleListTaskUITests */ = {
			isa = PBXNativeTarget;
			buildConfigurationList = 9A235F9F2435FF7100CC7A95 /* Build configuration list for PBXNativeTarget "SampleListTaskUITests" */;
			buildPhases = (
				163CDD606FBE475E385225E6 /* [CP] Check Pods Manifest.lock */,
				9A235F8C2435FF7100CC7A95 /* Sources */,
				9A235F8D2435FF7100CC7A95 /* Frameworks */,
				9A235F8E2435FF7100CC7A95 /* Resources */,
				9DCE1E5B90E75CBAD8478835 /* [CP] Embed Pods Frameworks */,
			);
			buildRules = (
			);
			dependencies = (
				9A235F922435FF7100CC7A95 /* PBXTargetDependency */,
			);
			name = SampleListTaskUITests;
			productName = SampleListTaskUITests;
			productReference = 9A235F902435FF7100CC7A95 /* SampleListTaskUITests.xctest */;
			productType = "com.apple.product-type.bundle.ui-testing";
		};
/* End PBXNativeTarget section */

/* Begin PBXProject section */
		9A235F672435FF6E00CC7A95 /* Project object */ = {
			isa = PBXProject;
			attributes = {
				LastSwiftUpdateCheck = 1120;
				LastUpgradeCheck = 1120;
				ORGANIZATIONNAME = "Narendra Biswa";
				TargetAttributes = {
					9A235F6E2435FF6E00CC7A95 = {
						CreatedOnToolsVersion = 11.2.1;
					};
					9A235F842435FF7000CC7A95 = {
						CreatedOnToolsVersion = 11.2.1;
						TestTargetID = 9A235F6E2435FF6E00CC7A95;
					};
					9A235F8F2435FF7100CC7A95 = {
						CreatedOnToolsVersion = 11.2.1;
						TestTargetID = 9A235F6E2435FF6E00CC7A95;
					};
				};
			};
			buildConfigurationList = 9A235F6A2435FF6E00CC7A95 /* Build configuration list for PBXProject "SampleListTask" */;
			compatibilityVersion = "Xcode 9.3";
			developmentRegion = en;
			hasScannedForEncodings = 0;
			knownRegions = (
				en,
				Base,
			);
			mainGroup = 9A235F662435FF6E00CC7A95;
			productRefGroup = 9A235F702435FF6E00CC7A95 /* Products */;
			projectDirPath = "";
			projectRoot = "";
			targets = (
				9A235F6E2435FF6E00CC7A95 /* SampleListTask */,
				9A235F842435FF7000CC7A95 /* SampleListTaskTests */,
				9A235F8F2435FF7100CC7A95 /* SampleListTaskUITests */,
			);
		};
/* End PBXProject section */

/* Begin PBXResourcesBuildPhase section */
		9A235F6D2435FF6E00CC7A95 /* Resources */ = {
			isa = PBXResourcesBuildPhase;
			buildActionMask = 2147483647;
			files = (
				9A235F7F2435FF7000CC7A95 /* LaunchScreen.storyboard in Resources */,
				9A235F7C2435FF7000CC7A95 /* Assets.xcassets in Resources */,
				9A235F7A2435FF6E00CC7A95 /* Main.storyboard in Resources */,
			);
			runOnlyForDeploymentPostprocessing = 0;
		};
		9A235F832435FF7000CC7A95 /* Resources */ = {
			isa = PBXResourcesBuildPhase;
			buildActionMask = 2147483647;
			files = (
			);
			runOnlyForDeploymentPostprocessing = 0;
		};
		9A235F8E2435FF7100CC7A95 /* Resources */ = {
			isa = PBXResourcesBuildPhase;
			buildActionMask = 2147483647;
			files = (
			);
			runOnlyForDeploymentPostprocessing = 0;
		};
/* End PBXResourcesBuildPhase section */

/* Begin PBXShellScriptBuildPhase section */
		163CDD606FBE475E385225E6 /* [CP] Check Pods Manifest.lock */ = {
			isa = PBXShellScriptBuildPhase;
			buildActionMask = 2147483647;
			files = (
			);
			inputFileListPaths = (
			);
			inputPaths = (
				"${PODS_PODFILE_DIR_PATH}/Podfile.lock",
				"${PODS_ROOT}/Manifest.lock",
			);
			name = "[CP] Check Pods Manifest.lock";
			outputFileListPaths = (
			);
			outputPaths = (
				"$(DERIVED_FILE_DIR)/Pods-SampleListTask-SampleListTaskUITests-checkManifestLockResult.txt",
			);
			runOnlyForDeploymentPostprocessing = 0;
			shellPath = /bin/sh;
			shellScript = "diff \"${PODS_PODFILE_DIR_PATH}/Podfile.lock\" \"${PODS_ROOT}/Manifest.lock\" > /dev/null\nif [ $? != 0 ] ; then\n    # print error to STDERR\n    echo \"error: The sandbox is not in sync with the Podfile.lock. Run 'pod install' or update your CocoaPods installation.\" >&2\n    exit 1\nfi\n# This output is used by Xcode 'outputs' to avoid re-running this script phase.\necho \"SUCCESS\" > \"${SCRIPT_OUTPUT_FILE_0}\"\n";
			showEnvVarsInLog = 0;
		};
		221F51DFE4D997EFF224F03A /* [CP] Check Pods Manifest.lock */ = {
			isa = PBXShellScriptBuildPhase;
			buildActionMask = 2147483647;
			files = (
			);
			inputFileListPaths = (
			);
			inputPaths = (
				"${PODS_PODFILE_DIR_PATH}/Podfile.lock",
				"${PODS_ROOT}/Manifest.lock",
			);
			name = "[CP] Check Pods Manifest.lock";
			outputFileListPaths = (
			);
			outputPaths = (
				"$(DERIVED_FILE_DIR)/Pods-SampleListTask-checkManifestLockResult.txt",
			);
			runOnlyForDeploymentPostprocessing = 0;
			shellPath = /bin/sh;
			shellScript = "diff \"${PODS_PODFILE_DIR_PATH}/Podfile.lock\" \"${PODS_ROOT}/Manifest.lock\" > /dev/null\nif [ $? != 0 ] ; then\n    # print error to STDERR\n    echo \"error: The sandbox is not in sync with the Podfile.lock. Run 'pod install' or update your CocoaPods installation.\" >&2\n    exit 1\nfi\n# This output is used by Xcode 'outputs' to avoid re-running this script phase.\necho \"SUCCESS\" > \"${SCRIPT_OUTPUT_FILE_0}\"\n";
			showEnvVarsInLog = 0;
		};
		9DCE1E5B90E75CBAD8478835 /* [CP] Embed Pods Frameworks */ = {
			isa = PBXShellScriptBuildPhase;
			buildActionMask = 2147483647;
			files = (
			);
			inputFileListPaths = (
				"${PODS_ROOT}/Target Support Files/Pods-SampleListTask-SampleListTaskUITests/Pods-SampleListTask-SampleListTaskUITests-frameworks-${CONFIGURATION}-input-files.xcfilelist",
			);
			name = "[CP] Embed Pods Frameworks";
			outputFileListPaths = (
				"${PODS_ROOT}/Target Support Files/Pods-SampleListTask-SampleListTaskUITests/Pods-SampleListTask-SampleListTaskUITests-frameworks-${CONFIGURATION}-output-files.xcfilelist",
			);
			runOnlyForDeploymentPostprocessing = 0;
			shellPath = /bin/sh;
			shellScript = "\"${PODS_ROOT}/Target Support Files/Pods-SampleListTask-SampleListTaskUITests/Pods-SampleListTask-SampleListTaskUITests-frameworks.sh\"\n";
			showEnvVarsInLog = 0;
		};
		C2490EDD299486C9B8B4D4D6 /* [CP] Check Pods Manifest.lock */ = {
			isa = PBXShellScriptBuildPhase;
			buildActionMask = 2147483647;
			files = (
			);
			inputFileListPaths = (
			);
			inputPaths = (
				"${PODS_PODFILE_DIR_PATH}/Podfile.lock",
				"${PODS_ROOT}/Manifest.lock",
			);
			name = "[CP] Check Pods Manifest.lock";
			outputFileListPaths = (
			);
			outputPaths = (
				"$(DERIVED_FILE_DIR)/Pods-SampleListTaskTests-checkManifestLockResult.txt",
			);
			runOnlyForDeploymentPostprocessing = 0;
			shellPath = /bin/sh;
			shellScript = "diff \"${PODS_PODFILE_DIR_PATH}/Podfile.lock\" \"${PODS_ROOT}/Manifest.lock\" > /dev/null\nif [ $? != 0 ] ; then\n    # print error to STDERR\n    echo \"error: The sandbox is not in sync with the Podfile.lock. Run 'pod install' or update your CocoaPods installation.\" >&2\n    exit 1\nfi\n# This output is used by Xcode 'outputs' to avoid re-running this script phase.\necho \"SUCCESS\" > \"${SCRIPT_OUTPUT_FILE_0}\"\n";
			showEnvVarsInLog = 0;
		};
		F4C3923830BB2E0826485F97 /* [CP] Embed Pods Frameworks */ = {
			isa = PBXShellScriptBuildPhase;
			buildActionMask = 2147483647;
			files = (
			);
			inputFileListPaths = (
				"${PODS_ROOT}/Target Support Files/Pods-SampleListTask/Pods-SampleListTask-frameworks-${CONFIGURATION}-input-files.xcfilelist",
			);
			name = "[CP] Embed Pods Frameworks";
			outputFileListPaths = (
				"${PODS_ROOT}/Target Support Files/Pods-SampleListTask/Pods-SampleListTask-frameworks-${CONFIGURATION}-output-files.xcfilelist",
			);
			runOnlyForDeploymentPostprocessing = 0;
			shellPath = /bin/sh;
			shellScript = "\"${PODS_ROOT}/Target Support Files/Pods-SampleListTask/Pods-SampleListTask-frameworks.sh\"\n";
			showEnvVarsInLog = 0;
		};
/* End PBXShellScriptBuildPhase section */

/* Begin PBXSourcesBuildPhase section */
		9A235F6B2435FF6E00CC7A95 /* Sources */ = {
			isa = PBXSourcesBuildPhase;
			buildActionMask = 2147483647;
			files = (
				9A852B27244A20D7000AFEED /* ViewModel.swift in Sources */,
				9A47618F24373D9500600B52 /* CustomTableViewCell.swift in Sources */,
				9A235FA8243601DF00CC7A95 /* Constatnts.swift in Sources */,
				9A235FA52436010C00CC7A95 /* ServiceManger.swift in Sources */,
				9A235F772435FF6E00CC7A95 /* ViewController.swift in Sources */,
				9A235F732435FF6E00CC7A95 /* AppDelegate.swift in Sources */,
				9A235F752435FF6E00CC7A95 /* SceneDelegate.swift in Sources */,
			);
			runOnlyForDeploymentPostprocessing = 0;
		};
		9A235F812435FF7000CC7A95 /* Sources */ = {
			isa = PBXSourcesBuildPhase;
			buildActionMask = 2147483647;
			files = (
				9A235F8A2435FF7000CC7A95 /* SampleListTaskTests.swift in Sources */,
			);
			runOnlyForDeploymentPostprocessing = 0;
		};
		9A235F8C2435FF7100CC7A95 /* Sources */ = {
			isa = PBXSourcesBuildPhase;
			buildActionMask = 2147483647;
			files = (
				9A235F952435FF7100CC7A95 /* SampleListTaskUITests.swift in Sources */,
			);
			runOnlyForDeploymentPostprocessing = 0;
		};
/* End PBXSourcesBuildPhase section */

/* Begin PBXTargetDependency section */
		9A235F872435FF7000CC7A95 /* PBXTargetDependency */ = {
			isa = PBXTargetDependency;
			target = 9A235F6E2435FF6E00CC7A95 /* SampleListTask */;
			targetProxy = 9A235F862435FF7000CC7A95 /* PBXContainerItemProxy */;
		};
		9A235F922435FF7100CC7A95 /* PBXTargetDependency */ = {
			isa = PBXTargetDependency;
			target = 9A235F6E2435FF6E00CC7A95 /* SampleListTask */;
			targetProxy = 9A235F912435FF7100CC7A95 /* PBXContainerItemProxy */;
		};
/* End PBXTargetDependency section */

/* Begin PBXVariantGroup section */
		9A235F782435FF6E00CC7A95 /* Main.storyboard */ = {
			isa = PBXVariantGroup;
			children = (
				9A235F792435FF6E00CC7A95 /* Base */,
			);
			name = Main.storyboard;
			sourceTree = "<group>";
		};
		9A235F7D2435FF7000CC7A95 /* LaunchScreen.storyboard */ = {
			isa = PBXVariantGroup;
			children = (
				9A235F7E2435FF7000CC7A95 /* Base */,
			);
			name = LaunchScreen.storyboard;
			sourceTree = "<group>";
		};
/* End PBXVariantGroup section */

/* Begin XCBuildConfiguration section */
		9A235F972435FF7100CC7A95 /* Debug */ = {
			isa = XCBuildConfiguration;
			buildSettings = {
				ALWAYS_SEARCH_USER_PATHS = NO;
				CLANG_ANALYZER_NONNULL = YES;
				CLANG_ANALYZER_NUMBER_OBJECT_CONVERSION = YES_AGGRESSIVE;
				CLANG_CXX_LANGUAGE_STANDARD = "gnu++14";
				CLANG_CXX_LIBRARY = "libc++";
				CLANG_ENABLE_MODULES = YES;
				CLANG_ENABLE_OBJC_ARC = YES;
				CLANG_ENABLE_OBJC_WEAK = YES;
				CLANG_WARN_BLOCK_CAPTURE_AUTORELEASING = YES;
				CLANG_WARN_BOOL_CONVERSION = YES;
				CLANG_WARN_COMMA = YES;
				CLANG_WARN_CONSTANT_CONVERSION = YES;
				CLANG_WARN_DEPRECATED_OBJC_IMPLEMENTATIONS = YES;
				CLANG_WARN_DIRECT_OBJC_ISA_USAGE = YES_ERROR;
				CLANG_WARN_DOCUMENTATION_COMMENTS = YES;
				CLANG_WARN_EMPTY_BODY = YES;
				CLANG_WARN_ENUM_CONVERSION = YES;
				CLANG_WARN_INFINITE_RECURSION = YES;
				CLANG_WARN_INT_CONVERSION = YES;
				CLANG_WARN_NON_LITERAL_NULL_CONVERSION = YES;
				CLANG_WARN_OBJC_IMPLICIT_RETAIN_SELF = YES;
				CLANG_WARN_OBJC_LITERAL_CONVERSION = YES;
				CLANG_WARN_OBJC_ROOT_CLASS = YES_ERROR;
				CLANG_WARN_RANGE_LOOP_ANALYSIS = YES;
				CLANG_WARN_STRICT_PROTOTYPES = YES;
				CLANG_WARN_SUSPICIOUS_MOVE = YES;
				CLANG_WARN_UNGUARDED_AVAILABILITY = YES_AGGRESSIVE;
				CLANG_WARN_UNREACHABLE_CODE = YES;
				CLANG_WARN__DUPLICATE_METHOD_MATCH = YES;
				COPY_PHASE_STRIP = NO;
				DEBUG_INFORMATION_FORMAT = dwarf;
				ENABLE_STRICT_OBJC_MSGSEND = YES;
				ENABLE_TESTABILITY = YES;
				GCC_C_LANGUAGE_STANDARD = gnu11;
				GCC_DYNAMIC_NO_PIC = NO;
				GCC_NO_COMMON_BLOCKS = YES;
				GCC_OPTIMIZATION_LEVEL = 0;
				GCC_PREPROCESSOR_DEFINITIONS = (
					"DEBUG=1",
					"$(inherited)",
				);
				GCC_WARN_64_TO_32_BIT_CONVERSION = YES;
				GCC_WARN_ABOUT_RETURN_TYPE = YES_ERROR;
				GCC_WARN_UNDECLARED_SELECTOR = YES;
				GCC_WARN_UNINITIALIZED_AUTOS = YES_AGGRESSIVE;
				GCC_WARN_UNUSED_FUNCTION = YES;
				GCC_WARN_UNUSED_VARIABLE = YES;
				IPHONEOS_DEPLOYMENT_TARGET = 13.2;
				MTL_ENABLE_DEBUG_INFO = INCLUDE_SOURCE;
				MTL_FAST_MATH = YES;
				ONLY_ACTIVE_ARCH = YES;
				SDKROOT = iphoneos;
				SWIFT_ACTIVE_COMPILATION_CONDITIONS = DEBUG;
				SWIFT_OPTIMIZATION_LEVEL = "-Onone";
			};
			name = Debug;
		};
		9A235F982435FF7100CC7A95 /* Release */ = {
			isa = XCBuildConfiguration;
			buildSettings = {
				ALWAYS_SEARCH_USER_PATHS = NO;
				CLANG_ANALYZER_NONNULL = YES;
				CLANG_ANALYZER_NUMBER_OBJECT_CONVERSION = YES_AGGRESSIVE;
				CLANG_CXX_LANGUAGE_STANDARD = "gnu++14";
				CLANG_CXX_LIBRARY = "libc++";
				CLANG_ENABLE_MODULES = YES;
				CLANG_ENABLE_OBJC_ARC = YES;
				CLANG_ENABLE_OBJC_WEAK = YES;
				CLANG_WARN_BLOCK_CAPTURE_AUTORELEASING = YES;
				CLANG_WARN_BOOL_CONVERSION = YES;
				CLANG_WARN_COMMA = YES;
				CLANG_WARN_CONSTANT_CONVERSION = YES;
				CLANG_WARN_DEPRECATED_OBJC_IMPLEMENTATIONS = YES;
				CLANG_WARN_DIRECT_OBJC_ISA_USAGE = YES_ERROR;
				CLANG_WARN_DOCUMENTATION_COMMENTS = YES;
				CLANG_WARN_EMPTY_BODY = YES;
				CLANG_WARN_ENUM_CONVERSION = YES;
				CLANG_WARN_INFINITE_RECURSION = YES;
				CLANG_WARN_INT_CONVERSION = YES;
				CLANG_WARN_NON_LITERAL_NULL_CONVERSION = YES;
				CLANG_WARN_OBJC_IMPLICIT_RETAIN_SELF = YES;
				CLANG_WARN_OBJC_LITERAL_CONVERSION = YES;
				CLANG_WARN_OBJC_ROOT_CLASS = YES_ERROR;
				CLANG_WARN_RANGE_LOOP_ANALYSIS = YES;
				CLANG_WARN_STRICT_PROTOTYPES = YES;
				CLANG_WARN_SUSPICIOUS_MOVE = YES;
				CLANG_WARN_UNGUARDED_AVAILABILITY = YES_AGGRESSIVE;
				CLANG_WARN_UNREACHABLE_CODE = YES;
				CLANG_WARN__DUPLICATE_METHOD_MATCH = YES;
				COPY_PHASE_STRIP = NO;
				DEBUG_INFORMATION_FORMAT = "dwarf-with-dsym";
				ENABLE_NS_ASSERTIONS = NO;
				ENABLE_STRICT_OBJC_MSGSEND = YES;
				GCC_C_LANGUAGE_STANDARD = gnu11;
				GCC_NO_COMMON_BLOCKS = YES;
				GCC_WARN_64_TO_32_BIT_CONVERSION = YES;
				GCC_WARN_ABOUT_RETURN_TYPE = YES_ERROR;
				GCC_WARN_UNDECLARED_SELECTOR = YES;
				GCC_WARN_UNINITIALIZED_AUTOS = YES_AGGRESSIVE;
				GCC_WARN_UNUSED_FUNCTION = YES;
				GCC_WARN_UNUSED_VARIABLE = YES;
				IPHONEOS_DEPLOYMENT_TARGET = 13.2;
				MTL_ENABLE_DEBUG_INFO = NO;
				MTL_FAST_MATH = YES;
				SDKROOT = iphoneos;
				SWIFT_COMPILATION_MODE = wholemodule;
				SWIFT_OPTIMIZATION_LEVEL = "-O";
				VALIDATE_PRODUCT = YES;
			};
			name = Release;
		};
		9A235F9A2435FF7100CC7A95 /* Debug */ = {
			isa = XCBuildConfiguration;
			baseConfigurationReference = FBD4599A30B1BC3B5F3E54A3 /* Pods-SampleListTask.debug.xcconfig */;
			buildSettings = {
				ASSETCATALOG_COMPILER_APPICON_NAME = AppIcon;
				CODE_SIGN_STYLE = Automatic;
				DEVELOPMENT_TEAM = 6XWU3QL46Z;
				INFOPLIST_FILE = SampleListTask/Info.plist;
				IPHONEOS_DEPLOYMENT_TARGET = 11.0;
				LD_RUNPATH_SEARCH_PATHS = (
					"$(inherited)",
					"@executable_path/Frameworks",
				);
				PRODUCT_BUNDLE_IDENTIFIER = SA.SampleListTask;
				PRODUCT_NAME = "$(TARGET_NAME)";
				SWIFT_VERSION = 5.0;
				TARGETED_DEVICE_FAMILY = "1,2";
			};
			name = Debug;
		};
		9A235F9B2435FF7100CC7A95 /* Release */ = {
			isa = XCBuildConfiguration;
			baseConfigurationReference = D845E7E0A65A0FC5E97ABCA5 /* Pods-SampleListTask.release.xcconfig */;
			buildSettings = {
				ASSETCATALOG_COMPILER_APPICON_NAME = AppIcon;
				CODE_SIGN_STYLE = Automatic;
				DEVELOPMENT_TEAM = 6XWU3QL46Z;
				INFOPLIST_FILE = SampleListTask/Info.plist;
				IPHONEOS_DEPLOYMENT_TARGET = 11.0;
				LD_RUNPATH_SEARCH_PATHS = (
					"$(inherited)",
					"@executable_path/Frameworks",
				);
				PRODUCT_BUNDLE_IDENTIFIER = SA.SampleListTask;
				PRODUCT_NAME = "$(TARGET_NAME)";
				SWIFT_VERSION = 5.0;
				TARGETED_DEVICE_FAMILY = "1,2";
			};
			name = Release;
		};
		9A235F9D2435FF7100CC7A95 /* Debug */ = {
			isa = XCBuildConfiguration;
			baseConfigurationReference = 009041ACB77D318FD3267A0A /* Pods-SampleListTaskTests.debug.xcconfig */;
			buildSettings = {
				ALWAYS_EMBED_SWIFT_STANDARD_LIBRARIES = YES;
				BUNDLE_LOADER = "$(TEST_HOST)";
				CODE_SIGN_STYLE = Automatic;
				DEVELOPMENT_TEAM = 6XWU3QL46Z;
				INFOPLIST_FILE = SampleListTaskTests/Info.plist;
				IPHONEOS_DEPLOYMENT_TARGET = 13.2;
				LD_RUNPATH_SEARCH_PATHS = (
					"$(inherited)",
					"@executable_path/Frameworks",
					"@loader_path/Frameworks",
				);
				PRODUCT_BUNDLE_IDENTIFIER = SA.SampleListTaskTests;
				PRODUCT_NAME = "$(TARGET_NAME)";
				SWIFT_VERSION = 5.0;
				TARGETED_DEVICE_FAMILY = "1,2";
				TEST_HOST = "$(BUILT_PRODUCTS_DIR)/SampleListTask.app/SampleListTask";
			};
			name = Debug;
		};
		9A235F9E2435FF7100CC7A95 /* Release */ = {
			isa = XCBuildConfiguration;
			baseConfigurationReference = 5EA01DDBDE84264A324407A4 /* Pods-SampleListTaskTests.release.xcconfig */;
			buildSettings = {
				ALWAYS_EMBED_SWIFT_STANDARD_LIBRARIES = YES;
				BUNDLE_LOADER = "$(TEST_HOST)";
				CODE_SIGN_STYLE = Automatic;
				DEVELOPMENT_TEAM = 6XWU3QL46Z;
				INFOPLIST_FILE = SampleListTaskTests/Info.plist;
				IPHONEOS_DEPLOYMENT_TARGET = 13.2;
				LD_RUNPATH_SEARCH_PATHS = (
					"$(inherited)",
					"@executable_path/Frameworks",
					"@loader_path/Frameworks",
				);
				PRODUCT_BUNDLE_IDENTIFIER = SA.SampleListTaskTests;
				PRODUCT_NAME = "$(TARGET_NAME)";
				SWIFT_VERSION = 5.0;
				TARGETED_DEVICE_FAMILY = "1,2";
				TEST_HOST = "$(BUILT_PRODUCTS_DIR)/SampleListTask.app/SampleListTask";
			};
			name = Release;
		};
		9A235FA02435FF7100CC7A95 /* Debug */ = {
			isa = XCBuildConfiguration;
			baseConfigurationReference = 5F85DFCDEC0AE3D4C211AAA3 /* Pods-SampleListTask-SampleListTaskUITests.debug.xcconfig */;
			buildSettings = {
				ALWAYS_EMBED_SWIFT_STANDARD_LIBRARIES = YES;
				CODE_SIGN_STYLE = Automatic;
				DEVELOPMENT_TEAM = 6XWU3QL46Z;
				INFOPLIST_FILE = SampleListTaskUITests/Info.plist;
				LD_RUNPATH_SEARCH_PATHS = (
					"$(inherited)",
					"@executable_path/Frameworks",
					"@loader_path/Frameworks",
				);
				PRODUCT_BUNDLE_IDENTIFIER = SA.SampleListTaskUITests;
				PRODUCT_NAME = "$(TARGET_NAME)";
				SWIFT_VERSION = 5.0;
				TARGETED_DEVICE_FAMILY = "1,2";
				TEST_TARGET_NAME = SampleListTask;
			};
			name = Debug;
		};
		9A235FA12435FF7100CC7A95 /* Release */ = {
			isa = XCBuildConfiguration;
			baseConfigurationReference = 9C4CA9BB10AF189363B07227 /* Pods-SampleListTask-SampleListTaskUITests.release.xcconfig */;
			buildSettings = {
				ALWAYS_EMBED_SWIFT_STANDARD_LIBRARIES = YES;
				CODE_SIGN_STYLE = Automatic;
				DEVELOPMENT_TEAM = 6XWU3QL46Z;
				INFOPLIST_FILE = SampleListTaskUITests/Info.plist;
				LD_RUNPATH_SEARCH_PATHS = (
					"$(inherited)",
					"@executable_path/Frameworks",
					"@loader_path/Frameworks",
				);
				PRODUCT_BUNDLE_IDENTIFIER = SA.SampleListTaskUITests;
				PRODUCT_NAME = "$(TARGET_NAME)";
				SWIFT_VERSION = 5.0;
				TARGETED_DEVICE_FAMILY = "1,2";
				TEST_TARGET_NAME = SampleListTask;
			};
			name = Release;
		};
/* End XCBuildConfiguration section */

/* Begin XCConfigurationList section */
		9A235F6A2435FF6E00CC7A95 /* Build configuration list for PBXProject "SampleListTask" */ = {
			isa = XCConfigurationList;
			buildConfigurations = (
				9A235F972435FF7100CC7A95 /* Debug */,
				9A235F982435FF7100CC7A95 /* Release */,
			);
			defaultConfigurationIsVisible = 0;
			defaultConfigurationName = Release;
		};
		9A235F992435FF7100CC7A95 /* Build configuration list for PBXNativeTarget "SampleListTask" */ = {
			isa = XCConfigurationList;
			buildConfigurations = (
				9A235F9A2435FF7100CC7A95 /* Debug */,
				9A235F9B2435FF7100CC7A95 /* Release */,
			);
			defaultConfigurationIsVisible = 0;
			defaultConfigurationName = Release;
		};
		9A235F9C2435FF7100CC7A95 /* Build configuration list for PBXNativeTarget "SampleListTaskTests" */ = {
			isa = XCConfigurationList;
			buildConfigurations = (
				9A235F9D2435FF7100CC7A95 /* Debug */,
				9A235F9E2435FF7100CC7A95 /* Release */,
			);
			defaultConfigurationIsVisible = 0;
			defaultConfigurationName = Release;
		};
		9A235F9F2435FF7100CC7A95 /* Build configuration list for PBXNativeTarget "SampleListTaskUITests" */ = {
			isa = XCConfigurationList;
			buildConfigurations = (
				9A235FA02435FF7100CC7A95 /* Debug */,
				9A235FA12435FF7100CC7A95 /* Release */,
			);
			defaultConfigurationIsVisible = 0;
			defaultConfigurationName = Release;
		};
/* End XCConfigurationList section */
	};
	rootObject = 9A235F672435FF6E00CC7A95 /* Project object */;
}
